
Microsoft Visual Studio Solution File, Format Version 12.00
# Visual Studio 14
VisualStudioVersion = 14.0.25123.0
MinimumVisualStudioVersion = 10.0.40219.1
Project("{FAE04EC0-301F-11D3-BF4B-00C04F79EFBC}") = "Okul.WFA", "Okul.WFA.csproj", "{F3CF950E-FFA7-47F8-AAD8-99E42B829126}"
EndProject
Project("{FAE04EC0-301F-11D3-BF4B-00C04F79EFBC}") = "Okul.Lib", "Okul.Lib\Okul.Lib.csproj", "{A175BA0A-CD89-448A-94C4-322ABE29C973}"
EndProject
Global
	GlobalSection(SolutionConfigurationPlatforms) = preSolution
		Debug|Any CPU = Debug|Any CPU
		Release|Any CPU = Release|Any CPU
	EndGlobalSection
	GlobalSection(ProjectConfigurationPlatforms) = postSolution
		{F3CF950E-FFA7-47F8-AAD8-99E42B829126}.Debug|Any CPU.ActiveCfg = Debug|Any CPU
		{F3CF950E-FFA7-47F8-AAD8-99E42B829126}.Debug|Any CPU.Build.0 = Debug|Any CPU
		{F3CF950E-FFA7-47F8-AAD8-99E42B829126}.Release|Any CPU.ActiveCfg = Release|Any CPU
		{F3CF950E-FFA7-47F8-AAD8-99E42B829126}.Release|Any CPU.Build.0 = Release|Any CPU
		{A175BA0A-CD89-448A-94C4-322ABE29C973}.Debug|Any CPU.ActiveCfg = Debug|Any CPU
		{A175BA0A-CD89-448A-94C4-322ABE29C973}.Debug|Any CPU.Build.0 = Debug|Any CPU
		{A175BA0A-CD89-448A-94C4-322ABE29C973}.Release|Any CPU.ActiveCfg = Release|Any CPU
		{A175BA0A-CD89-448A-94C4-322ABE29C973}.Release|Any CPU.Build.0 = Release|Any CPU
	EndGlobalSection
	GlobalSection(SolutionProperties) = preSolution
		HideSolutionNode = FALSE
	EndGlobalSection
EndGlobal
